
Microsoft Visual Studio Solution File, Format Version 12.00
Project("{FAE04EC0-301F-11D3-BF4B-00C04F79EFBC}") = "MyDataStructure", "MyDataStructure\MyDataStructure.csproj", "{131B1F34-9152-4711-81C5-D7892DB7432A}"
EndProject
Project("{FAE04EC0-301F-11D3-BF4B-00C04F79EFBC}") = "Solutions", "Solutions\Solutions.csproj", "{628106D4-945D-449D-8F4B-4F65CAE2A038}"
EndProject
Project("{FAE04EC0-301F-11D3-BF4B-00C04F79EFBC}") = "Utils", "Utils\Utils.csproj", "{3582F72D-6A5B-4AF6-8BB1-E2895C0485AA}"
EndProject
Project("{FAE04EC0-301F-11D3-BF4B-00C04F79EFBC}") = "SolutionTest", "SolutionTest\SolutionTest.csproj", "{B1D51AD8-9312-4BB0-AB11-A3FBA0EB5FEA}"
EndProject
Project("{FAE04EC0-301F-11D3-BF4B-00C04F79EFBC}") = "LINQExamples", "LINQExamples\LINQExamples.csproj", "{37747D20-9CD3-40CF-8959-D188E2268C87}"
EndProject
Project("{FAE04EC0-301F-11D3-BF4B-00C04F79EFBC}") = "Others", "Others\Others.csproj", "{A6CB168A-18DA-427D-8984-6AD9BDF8914F}"
EndProject
Project("{FAE04EC0-301F-11D3-BF4B-00C04F79EFBC}") = "CodeChallenge", "CodeChallenge\CodeChallenge.csproj", "{71BDF927-3D00-406E-BFCF-FCE7CB36B62D}"
EndProject
Project("{FAE04EC0-301F-11D3-BF4B-00C04F79EFBC}") = "ElevatorSimulator", "ElevatorSimulator\ElevatorSimulator.csproj", "{C8266BE9-528D-49B2-88CF-B10ECC297913}"
EndProject
Global
	GlobalSection(SolutionConfigurationPlatforms) = preSolution
		Debug|Any CPU = Debug|Any CPU
		Release|Any CPU = Release|Any CPU
	EndGlobalSection
	GlobalSection(ProjectConfigurationPlatforms) = postSolution
		{131B1F34-9152-4711-81C5-D7892DB7432A}.Debug|Any CPU.ActiveCfg = Debug|Any CPU
		{131B1F34-9152-4711-81C5-D7892DB7432A}.Debug|Any CPU.Build.0 = Debug|Any CPU
		{131B1F34-9152-4711-81C5-D7892DB7432A}.Release|Any CPU.ActiveCfg = Release|Any CPU
		{131B1F34-9152-4711-81C5-D7892DB7432A}.Release|Any CPU.Build.0 = Release|Any CPU
		{628106D4-945D-449D-8F4B-4F65CAE2A038}.Debug|Any CPU.ActiveCfg = Debug|Any CPU
		{628106D4-945D-449D-8F4B-4F65CAE2A038}.Debug|Any CPU.Build.0 = Debug|Any CPU
		{628106D4-945D-449D-8F4B-4F65CAE2A038}.Release|Any CPU.ActiveCfg = Release|Any CPU
		{628106D4-945D-449D-8F4B-4F65CAE2A038}.Release|Any CPU.Build.0 = Release|Any CPU
		{3582F72D-6A5B-4AF6-8BB1-E2895C0485AA}.Debug|Any CPU.ActiveCfg = Debug|Any CPU
		{3582F72D-6A5B-4AF6-8BB1-E2895C0485AA}.Debug|Any CPU.Build.0 = Debug|Any CPU
		{3582F72D-6A5B-4AF6-8BB1-E2895C0485AA}.Release|Any CPU.ActiveCfg = Release|Any CPU
		{3582F72D-6A5B-4AF6-8BB1-E2895C0485AA}.Release|Any CPU.Build.0 = Release|Any CPU
		{B1D51AD8-9312-4BB0-AB11-A3FBA0EB5FEA}.Debug|Any CPU.ActiveCfg = Debug|Any CPU
		{B1D51AD8-9312-4BB0-AB11-A3FBA0EB5FEA}.Debug|Any CPU.Build.0 = Debug|Any CPU
		{B1D51AD8-9312-4BB0-AB11-A3FBA0EB5FEA}.Release|Any CPU.ActiveCfg = Release|Any CPU
		{B1D51AD8-9312-4BB0-AB11-A3FBA0EB5FEA}.Release|Any CPU.Build.0 = Release|Any CPU
		{37747D20-9CD3-40CF-8959-D188E2268C87}.Debug|Any CPU.ActiveCfg = Debug|Any CPU
		{37747D20-9CD3-40CF-8959-D188E2268C87}.Debug|Any CPU.Build.0 = Debug|Any CPU
		{37747D20-9CD3-40CF-8959-D188E2268C87}.Release|Any CPU.ActiveCfg = Release|Any CPU
		{37747D20-9CD3-40CF-8959-D188E2268C87}.Release|Any CPU.Build.0 = Release|Any CPU
		{A6CB168A-18DA-427D-8984-6AD9BDF8914F}.Debug|Any CPU.ActiveCfg = Debug|Any CPU
		{A6CB168A-18DA-427D-8984-6AD9BDF8914F}.Debug|Any CPU.Build.0 = Debug|Any CPU
		{A6CB168A-18DA-427D-8984-6AD9BDF8914F}.Release|Any CPU.ActiveCfg = Release|Any CPU
		{A6CB168A-18DA-427D-8984-6AD9BDF8914F}.Release|Any CPU.Build.0 = Release|Any CPU
		{71BDF927-3D00-406E-BFCF-FCE7CB36B62D}.Debug|Any CPU.ActiveCfg = Debug|Any CPU
		{71BDF927-3D00-406E-BFCF-FCE7CB36B62D}.Debug|Any CPU.Build.0 = Debug|Any CPU
		{71BDF927-3D00-406E-BFCF-FCE7CB36B62D}.Release|Any CPU.ActiveCfg = Release|Any CPU
		{71BDF927-3D00-406E-BFCF-FCE7CB36B62D}.Release|Any CPU.Build.0 = Release|Any CPU
		{C8266BE9-528D-49B2-88CF-B10ECC297913}.Debug|Any CPU.ActiveCfg = Debug|Any CPU
		{C8266BE9-528D-49B2-88CF-B10ECC297913}.Debug|Any CPU.Build.0 = Debug|Any CPU
		{C8266BE9-528D-49B2-88CF-B10ECC297913}.Release|Any CPU.ActiveCfg = Release|Any CPU
		{C8266BE9-528D-49B2-88CF-B10ECC297913}.Release|Any CPU.Build.0 = Release|Any CPU
	EndGlobalSection
EndGlobal
